
Microsoft Visual Studio Solution File, Format Version 12.00
# Visual Studio 15
VisualStudioVersion = 15.0.27130.2020
MinimumVisualStudioVersion = 10.0.40219.1
Project("{FAE04EC0-301F-11D3-BF4B-00C04F79EFBC}") = "Grades", "Grades\Grades.csproj", "{9E8B3D10-722D-4398-A034-D6A66A7B060B}"
EndProject
Project("{FAE04EC0-301F-11D3-BF4B-00C04F79EFBC}") = "Grades.Tests", "Grades.Tests\Grades.Tests.csproj", "{0BF3F4D3-A7FF-47D1-9F4D-13C5D9727458}"
EndProject
Global
	GlobalSection(SolutionConfigurationPlatforms) = preSolution
		Debug|Any CPU = Debug|Any CPU
		Release|Any CPU = Release|Any CPU
	EndGlobalSection
	GlobalSection(ProjectConfigurationPlatforms) = postSolution
		{9E8B3D10-722D-4398-A034-D6A66A7B060B}.Debug|Any CPU.ActiveCfg = Debug|Any CPU
		{9E8B3D10-722D-4398-A034-D6A66A7B060B}.Debug|Any CPU.Build.0 = Debug|Any CPU
		{9E8B3D10-722D-4398-A034-D6A66A7B060B}.Release|Any CPU.ActiveCfg = Release|Any CPU
		{9E8B3D10-722D-4398-A034-D6A66A7B060B}.Release|Any CPU.Build.0 = Release|Any CPU
		{0BF3F4D3-A7FF-47D1-9F4D-13C5D9727458}.Debug|Any CPU.ActiveCfg = Debug|Any CPU
		{0BF3F4D3-A7FF-47D1-9F4D-13C5D9727458}.Debug|Any CPU.Build.0 = Debug|Any CPU
		{0BF3F4D3-A7FF-47D1-9F4D-13C5D9727458}.Release|Any CPU.ActiveCfg = Release|Any CPU
		{0BF3F4D3-A7FF-47D1-9F4D-13C5D9727458}.Release|Any CPU.Build.0 = Release|Any CPU
	EndGlobalSection
	GlobalSection(SolutionProperties) = preSolution
		HideSolutionNode = FALSE
	EndGlobalSection
	GlobalSection(ExtensibilityGlobals) = postSolution
		SolutionGuid = {14078482-A1E2-4F4F-A044-11065D5A3A0C}
	EndGlobalSection
EndGlobal
